
Microsoft Visual Studio Solution File, Format Version 12.00
# Visual Studio Version 17
VisualStudioVersion = 17.5.002.0
MinimumVisualStudioVersion = 10.0.40219.1
Project("{9A19103F-16F7-4668-BE54-9A1E7A4F7556}") = "Engine", "Engine\Engine.csproj", "{571900D6-76CC-4E97-A160-814E73443F32}"
EndProject
Global
	GlobalSection(SolutionConfigurationPlatforms) = preSolution
		Debug|Any CPU = Debug|Any CPU
		Release|Any CPU = Release|Any CPU
	EndGlobalSection
	GlobalSection(ProjectConfigurationPlatforms) = postSolution
		{571900D6-76CC-4E97-A160-814E73443F32}.Debug|Any CPU.ActiveCfg = Debug|Any CPU
		{571900D6-76CC-4E97-A160-814E73443F32}.Debug|Any CPU.Build.0 = Debug|Any CPU
		{571900D6-76CC-4E97-A160-814E73443F32}.Release|Any CPU.ActiveCfg = Release|Any CPU
		{571900D6-76CC-4E97-A160-814E73443F32}.Release|Any CPU.Build.0 = Release|Any CPU
	EndGlobalSection
	GlobalSection(SolutionProperties) = preSolution
		HideSolutionNode = FALSE
	EndGlobalSection
	GlobalSection(ExtensibilityGlobals) = postSolution
		SolutionGuid = {1DEDD231-03B0-4AE7-A10F-78AAB3DE5A50}
	EndGlobalSection
EndGlobal
